
Microsoft Visual Studio Solution File, Format Version 12.00
# Visual Studio Version 16
VisualStudioVersion = 16.0.29911.84
MinimumVisualStudioVersion = 10.0.40219.1
Project("{FAE04EC0-301F-11D3-BF4B-00C04F79EFBC}") = "vpn", "vpn.csproj", "{5EB31372-BA49-49B6-8F93-A3DCE3B72FEB}"
EndProject
Global
	GlobalSection(SolutionConfigurationPlatforms) = preSolution
		Debug|Any CPU = Debug|Any CPU
		Release|Any CPU = Release|Any CPU
	EndGlobalSection
	GlobalSection(ProjectConfigurationPlatforms) = postSolution
		{5EB31372-BA49-49B6-8F93-A3DCE3B72FEB}.Debug|Any CPU.ActiveCfg = Debug|Any CPU
		{5EB31372-BA49-49B6-8F93-A3DCE3B72FEB}.Debug|Any CPU.Build.0 = Debug|Any CPU
		{5EB31372-BA49-49B6-8F93-A3DCE3B72FEB}.Release|Any CPU.ActiveCfg = Release|Any CPU
		{5EB31372-BA49-49B6-8F93-A3DCE3B72FEB}.Release|Any CPU.Build.0 = Release|Any CPU
	EndGlobalSection
	GlobalSection(SolutionProperties) = preSolution
		HideSolutionNode = FALSE
	EndGlobalSection
	GlobalSection(ExtensibilityGlobals) = postSolution
		SolutionGuid = {D943B5EB-B08F-4A63-8BB9-C97B401D800C}
	EndGlobalSection
EndGlobal
